
Microsoft Visual Studio Solution File, Format Version 12.00
# Visual Studio Version 16
VisualStudioVersion = 16.0.30204.135
MinimumVisualStudioVersion = 10.0.40219.1
Project("{FAE04EC0-301F-11D3-BF4B-00C04F79EFBC}") = "GuidRandomness", "GuidRandomness\GuidRandomness.csproj", "{368BC909-61C5-4046-A639-1EC02B58E579}"
EndProject
Global
	GlobalSection(SolutionConfigurationPlatforms) = preSolution
		Debug|Any CPU = Debug|Any CPU
		Release|Any CPU = Release|Any CPU
	EndGlobalSection
	GlobalSection(ProjectConfigurationPlatforms) = postSolution
		{368BC909-61C5-4046-A639-1EC02B58E579}.Debug|Any CPU.ActiveCfg = Debug|Any CPU
		{368BC909-61C5-4046-A639-1EC02B58E579}.Debug|Any CPU.Build.0 = Debug|Any CPU
		{368BC909-61C5-4046-A639-1EC02B58E579}.Release|Any CPU.ActiveCfg = Release|Any CPU
		{368BC909-61C5-4046-A639-1EC02B58E579}.Release|Any CPU.Build.0 = Release|Any CPU
	EndGlobalSection
	GlobalSection(SolutionProperties) = preSolution
		HideSolutionNode = FALSE
	EndGlobalSection
	GlobalSection(ExtensibilityGlobals) = postSolution
		SolutionGuid = {4FFA644A-C8F5-4D4E-B6F9-7242C88D13B2}
	EndGlobalSection
EndGlobal
